
Microsoft Visual Studio Solution File, Format Version 12.00
# Visual Studio Version 16
VisualStudioVersion = 16.0.30225.117
MinimumVisualStudioVersion = 10.0.40219.1
Project("{FAE04EC0-301F-11D3-BF4B-00C04F79EFBC}") = "Vidly", "Vidly\Vidly.csproj", "{5F609ED1-DECD-4D91-BE3A-43C091C25C0A}"
EndProject
Global
	GlobalSection(SolutionConfigurationPlatforms) = preSolution
		Debug|Any CPU = Debug|Any CPU
		Release|Any CPU = Release|Any CPU
	EndGlobalSection
	GlobalSection(ProjectConfigurationPlatforms) = postSolution
		{5F609ED1-DECD-4D91-BE3A-43C091C25C0A}.Debug|Any CPU.ActiveCfg = Debug|Any CPU
		{5F609ED1-DECD-4D91-BE3A-43C091C25C0A}.Debug|Any CPU.Build.0 = Debug|Any CPU
		{5F609ED1-DECD-4D91-BE3A-43C091C25C0A}.Release|Any CPU.ActiveCfg = Release|Any CPU
		{5F609ED1-DECD-4D91-BE3A-43C091C25C0A}.Release|Any CPU.Build.0 = Release|Any CPU
	EndGlobalSection
	GlobalSection(SolutionProperties) = preSolution
		HideSolutionNode = FALSE
	EndGlobalSection
	GlobalSection(ExtensibilityGlobals) = postSolution
		SolutionGuid = {EEABF9DA-AA11-48FE-BD0C-526820E30341}
	EndGlobalSection
EndGlobal
